PODS:
  - AppSyncRealTimeClient (1.4.0):
    - Starscream (~> 3.1.0)
  - AWSAuthCore (2.15.1):
    - AWSCore (= 2.15.1)
  - AWSCognitoIdentityProvider (2.15.1):
    - AWSCognitoIdentityProviderASF (= 1.0.1)
    - AWSCore (= 2.15.1)
  - AWSCognitoIdentityProviderASF (1.0.1)
  - AWSCore (2.15.1)
  - AWSMobileClient (2.15.1):
    - AWSAuthCore (= 2.15.1)
    - AWSCognitoIdentityProvider (= 2.15.1)
  - AWSS3 (2.15.1):
    - AWSCore (= 2.15.1)
  - ReachabilitySwift (5.0.0)
  - SQLite.swift (0.12.2):
    - SQLite.swift/standard (= 0.12.2)
  - SQLite.swift/standard (0.12.2)
  - Starscream (3.1.1)
  - SwiftLint (0.39.2)

DEPENDENCIES:
  - AppSyncRealTimeClient (~> 1.4)
  - AWSCore (from `../aws-sdk-ios`)
  - AWSMobileClient (from `../aws-sdk-ios`)
  - AWSS3 (from `../aws-sdk-ios`)
  - ReachabilitySwift (~> 5.0.0)
  - SQLite.swift (~> 0.12.2)
  - SwiftLint

SPEC REPOS:
  trunk:
    - AppSyncRealTimeClient
    - AWSAuthCore
    - AWSCognitoIdentityProvider
    - AWSCognitoIdentityProviderASF
    - ReachabilitySwift
    - SQLite.swift
    - Starscream
    - SwiftLint

EXTERNAL SOURCES:
  AWSCore:
    :path: "../aws-sdk-ios"
  AWSMobileClient:
    :path: "../aws-sdk-ios"
  AWSS3:
    :path: "../aws-sdk-ios"

SPEC CHECKSUMS:
  AppSyncRealTimeClient: 1e14f5584218e63b00fffbc093ad1934701a4b68
  AWSAuthCore: d98801d505ea332fd1ec28fbaf3377e0ce02100f
  AWSCognitoIdentityProvider: 5172f21b3530adbb1549501cd26e126bb211b85c
  AWSCognitoIdentityProviderASF: f94f1a502e72ef3d0a1de93e10bf7a79c8698118
  AWSCore: 7dec5eefb9b95739adec68dcb3dba2a6770376a6
  AWSMobileClient: 23aa8e4a787553742861ea1e3272420a9aaf4938
  AWSS3: 13059f6168fbeba52600e2cb5473eeb588d76c51
  ReachabilitySwift: 985039c6f7b23a1da463388634119492ff86c825
  SQLite.swift: d2b4642190917051ce6bd1d49aab565fe794eea3
  Starscream: 4bb2f9942274833f7b4d296a55504dcfc7edb7b0
  SwiftLint: 22ccbbe3b8008684be5955693bab135e0ed6a447

PODFILE CHECKSUM: 6e8067a729920cd9e42001c9667346ef17c368fd

COCOAPODS: 1.8.4
